
Microsoft Visual Studio Solution File, Format Version 12.00
Project("{FAE04EC0-301F-11D3-BF4B-00C04F79EFBC}") = "ExpandoTest", "ExpandoTest.csproj", "{3204289D-9667-420C-A597-67F1C9F51AB9}"
EndProject
Global
	GlobalSection(SolutionConfigurationPlatforms) = preSolution
		Debug|Any CPU = Debug|Any CPU
		Release|Any CPU = Release|Any CPU
	EndGlobalSection
	GlobalSection(ProjectConfigurationPlatforms) = postSolution
		{3204289D-9667-420C-A597-67F1C9F51AB9}.Debug|Any CPU.ActiveCfg = Debug|Any CPU
		{3204289D-9667-420C-A597-67F1C9F51AB9}.Debug|Any CPU.Build.0 = Debug|Any CPU
		{3204289D-9667-420C-A597-67F1C9F51AB9}.Release|Any CPU.ActiveCfg = Release|Any CPU
		{3204289D-9667-420C-A597-67F1C9F51AB9}.Release|Any CPU.Build.0 = Release|Any CPU
	EndGlobalSection
EndGlobal
